
Microsoft Visual Studio Solution File, Format Version 12.00
# Visual Studio Version 17
VisualStudioVersion = 17.9.34728.123
MinimumVisualStudioVersion = 10.0.40219.1
Project("{FAE04EC0-301F-11D3-BF4B-00C04F79EFBC}") = "MYPEDIA", "MYPEDIA\MYPEDIA.csproj", "{C7A7000C-EBE7-4F0C-B2EB-C8ACBA1E9361}"
EndProject
Global
	GlobalSection(SolutionConfigurationPlatforms) = preSolution
		Debug|Any CPU = Debug|Any CPU
		Release|Any CPU = Release|Any CPU
	EndGlobalSection
	GlobalSection(ProjectConfigurationPlatforms) = postSolution
		{C7A7000C-EBE7-4F0C-B2EB-C8ACBA1E9361}.Debug|Any CPU.ActiveCfg = Debug|Any CPU
		{C7A7000C-EBE7-4F0C-B2EB-C8ACBA1E9361}.Debug|Any CPU.Build.0 = Debug|Any CPU
		{C7A7000C-EBE7-4F0C-B2EB-C8ACBA1E9361}.Release|Any CPU.ActiveCfg = Release|Any CPU
		{C7A7000C-EBE7-4F0C-B2EB-C8ACBA1E9361}.Release|Any CPU.Build.0 = Release|Any CPU
	EndGlobalSection
	GlobalSection(SolutionProperties) = preSolution
		HideSolutionNode = FALSE
	EndGlobalSection
	GlobalSection(ExtensibilityGlobals) = postSolution
		SolutionGuid = {6C99711B-6514-4FA5-BFC0-1C6DE9BE6B6A}
	EndGlobalSection
EndGlobal
