
Microsoft Visual Studio Solution File, Format Version 12.00
# Visual Studio Version 17
VisualStudioVersion = 17.9.34728.123
MinimumVisualStudioVersion = 10.0.40219.1
Project("{FAE04EC0-301F-11D3-BF4B-00C04F79EFBC}") = "A_trip_to_Busan", "A_trip_to_Busan\A_trip_to_Busan.csproj", "{0689FF9B-ADBC-4C53-92E1-096F0092B37A}"
EndProject
Global
	GlobalSection(SolutionConfigurationPlatforms) = preSolution
		Debug|Any CPU = Debug|Any CPU
		Release|Any CPU = Release|Any CPU
	EndGlobalSection
	GlobalSection(ProjectConfigurationPlatforms) = postSolution
		{0689FF9B-ADBC-4C53-92E1-096F0092B37A}.Debug|Any CPU.ActiveCfg = Debug|Any CPU
		{0689FF9B-ADBC-4C53-92E1-096F0092B37A}.Debug|Any CPU.Build.0 = Debug|Any CPU
		{0689FF9B-ADBC-4C53-92E1-096F0092B37A}.Release|Any CPU.ActiveCfg = Release|Any CPU
		{0689FF9B-ADBC-4C53-92E1-096F0092B37A}.Release|Any CPU.Build.0 = Release|Any CPU
	EndGlobalSection
	GlobalSection(SolutionProperties) = preSolution
		HideSolutionNode = FALSE
	EndGlobalSection
	GlobalSection(ExtensibilityGlobals) = postSolution
		SolutionGuid = {4DAE2988-23A9-4A67-B723-912B6BAE15BD}
	EndGlobalSection
EndGlobal
