
Microsoft Visual Studio Solution File, Format Version 12.00
# Visual Studio Version 17
VisualStudioVersion = 17.9.34728.123
MinimumVisualStudioVersion = 10.0.40219.1
Project("{FAE04EC0-301F-11D3-BF4B-00C04F79EFBC}") = "ex05_wpf_bikeshop", "ex05_wpf_bikeshop\ex05_wpf_bikeshop.csproj", "{7A878E32-2D2F-438A-96FA-7944E2D4BC16}"
EndProject
Global
	GlobalSection(SolutionConfigurationPlatforms) = preSolution
		Debug|Any CPU = Debug|Any CPU
		Release|Any CPU = Release|Any CPU
	EndGlobalSection
	GlobalSection(ProjectConfigurationPlatforms) = postSolution
		{7A878E32-2D2F-438A-96FA-7944E2D4BC16}.Debug|Any CPU.ActiveCfg = Debug|Any CPU
		{7A878E32-2D2F-438A-96FA-7944E2D4BC16}.Debug|Any CPU.Build.0 = Debug|Any CPU
		{7A878E32-2D2F-438A-96FA-7944E2D4BC16}.Release|Any CPU.ActiveCfg = Release|Any CPU
		{7A878E32-2D2F-438A-96FA-7944E2D4BC16}.Release|Any CPU.Build.0 = Release|Any CPU
	EndGlobalSection
	GlobalSection(SolutionProperties) = preSolution
		HideSolutionNode = FALSE
	EndGlobalSection
	GlobalSection(ExtensibilityGlobals) = postSolution
		SolutionGuid = {882B3A65-5F8A-4739-B59C-8236996E7331}
	EndGlobalSection
EndGlobal
